{
  "name": "Turntable_three.js",
  "lockfileVersion": 3,
  "requires": true,
  "packages": {
    "": {
      "dependencies": {
        "gsap": "^3.14.1",
        "normalize-wheel": "^1.0.1"
      }
    },
    "node_modules/gsap": {
      "version": "3.14.1",
      "resolved": "https://registry.npmjs.org/gsap/-/gsap-3.14.1.tgz",
      "integrity": "sha512-nOFRJpVu+U0IPgKzfC5MEdZrJ1iVidGaOuxK0+Un+7vMOHa5rw/SKOaMaRRyHZiJKaeAEALTBwnj6R3gifyGBw==",
      "license": "Standard 'no charge' license: https://gsap.com/standard-license."
    },
    "node_modules/normalize-wheel": {
      "version": "1.0.1",
      "resolved": "https://registry.npmjs.org/normalize-wheel/-/normalize-wheel-1.0.1.tgz",
      "integrity": "sha512-1OnlAPZ3zgrk8B91HyRj+eVv+kS5u+Z0SCsak6Xil/kmgEia50ga7zfkumayonZrImffAxPU/5WcyGhzetHNPA==",
      "license": "BSD-3-Clause"
    }
  }
}
