{
  "name": "Turntable_three.js",
  "lockfileVersion": 3,
  "requires": true,
  "packages": {
    "": {
      "dependencies": {
        "gsap": "^3.14.1"
      }
    },
    "node_modules/gsap": {
      "version": "3.14.1",
      "resolved": "https://registry.npmjs.org/gsap/-/gsap-3.14.1.tgz",
      "integrity": "sha512-nOFRJpVu+U0IPgKzfC5MEdZrJ1iVidGaOuxK0+Un+7vMOHa5rw/SKOaMaRRyHZiJKaeAEALTBwnj6R3gifyGBw==",
      "license": "Standard 'no charge' license: https://gsap.com/standard-license."
    }
  }
}
